// !$*UTF8*$!
{
	archiveVersion = 1;
	classes = {
	};
	objectVersion = 77;
	objects = {

/* Begin PBXContainerItemProxy section */
		1AA8AA322CC2F171002E9EC4 /* PBXContainerItemProxy */ = {
			isa = PBXContainerItemProxy;
			containerPortal = 1AA8AA182CC2F170002E9EC4 /* Project object */;
			proxyType = 1;
			remoteGlobalIDString = 1AA8AA1F2CC2F170002E9EC4;
			remoteInfo = projectcreator;
		};
		1AA8AA3C2CC2F171002E9EC4 /* PBXContainerItemProxy */ = {
			isa = PBXContainerItemProxy;
			containerPortal = 1AA8AA182CC2F170002E9EC4 /* Project object */;
			proxyType = 1;
			remoteGlobalIDString = 1AA8AA1F2CC2F170002E9EC4;
			remoteInfo = projectcreator;
		};
/* End PBXContainerItemProxy section */

/* Begin PBXFileReference section */
		1AA8AA202CC2F170002E9EC4 /* projectcreator.app */ = {isa = PBXFileReference; explicitFileType = wrapper.application; includeInIndex = 0; path = projectcreator.app; sourceTree = BUILT_PRODUCTS_DIR; };
		1AA8AA312CC2F171002E9EC4 /* projectcreatorTests.xctest */ = {isa = PBXFileReference; explicitFileType = wrapper.cfbundle; includeInIndex = 0; path = projectcreatorTests.xctest; sourceTree = BUILT_PRODUCTS_DIR; };
		1AA8AA3B2CC2F171002E9EC4 /* projectcreatorUITests.xctest */ = {isa = PBXFileReference; explicitFileType = wrapper.cfbundle; includeInIndex = 0; path = projectcreatorUITests.xctest; sourceTree = BUILT_PRODUCTS_DIR; };
/* End PBXFileReference section */

/* Begin PBXFileSystemSynchronizedRootGroup section */
		1AA8AA222CC2F170002E9EC4 /* projectcreator */ = {
			isa = PBXFileSystemSynchronizedRootGroup;
			path = projectcreator;
			sourceTree = "<group>";
		};
		1AA8AA342CC2F171002E9EC4 /* projectcreatorTests */ = {
			isa = PBXFileSystemSynchronizedRootGroup;
			path = projectcreatorTests;
			sourceTree = "<group>";
		};
		1AA8AA3E2CC2F171002E9EC4 /* projectcreatorUITests */ = {
			isa = PBXFileSystemSynchronizedRootGroup;
			path = projectcreatorUITests;
			sourceTree = "<group>";
		};
/* End PBXFileSystemSynchronizedRootGroup section */

/* Begin PBXFrameworksBuildPhase section */
		1AA8AA1D2CC2F170002E9EC4 /* Frameworks */ = {
			isa = PBXFrameworksBuildPhase;
			buildActionMask = 2147483647;
			files = (
			);
			runOnlyForDeploymentPostprocessing = 0;
		};
		1AA8AA2E2CC2F171002E9EC4 /* Frameworks */ = {
			isa = PBXFrameworksBuildPhase;
			buildActionMask = 2147483647;
			files = (
			);
			runOnlyForDeploymentPostprocessing = 0;
		};
		1AA8AA382CC2F171002E9EC4 /* Frameworks */ = {
			isa = PBXFrameworksBuildPhase;
			buildActionMask = 2147483647;
			files = (
			);
			runOnlyForDeploymentPostprocessing = 0;
		};
/* End PBXFrameworksBuildPhase section */

/* Begin PBXGroup section */
		1AA8AA172CC2F170002E9EC4 = {
			isa = PBXGroup;
			children = (
				1AA8AA222CC2F170002E9EC4 /* projectcreator */,
				1AA8AA342CC2F171002E9EC4 /* projectcreatorTests */,
				1AA8AA3E2CC2F171002E9EC4 /* projectcreatorUITests */,
				1AA8AA212CC2F170002E9EC4 /* Products */,
			);
			sourceTree = "<group>";
		};
		1AA8AA212CC2F170002E9EC4 /* Products */ = {
			isa = PBXGroup;
			children = (
				1AA8AA202CC2F170002E9EC4 /* projectcreator.app */,
				1AA8AA312CC2F171002E9EC4 /* projectcreatorTests.xctest */,
				1AA8AA3B2CC2F171002E9EC4 /* projectcreatorUITests.xctest */,
			);
			name = Products;
			sourceTree = "<group>";
		};
/* End PBXGroup section */

/* Begin PBXNativeTarget section */
		1AA8AA1F2CC2F170002E9EC4 /* projectcreator */ = {
			isa = PBXNativeTarget;
			buildConfigurationList = 1AA8AA452CC2F171002E9EC4 /* Build configuration list for PBXNativeTarget "projectcreator" */;
			buildPhases = (
				1AA8AA1C2CC2F170002E9EC4 /* Sources */,
				1AA8AA1D2CC2F170002E9EC4 /* Frameworks */,
				1AA8AA1E2CC2F170002E9EC4 /* Resources */,
			);
			buildRules = (
			);
			dependencies = (
			);
			fileSystemSynchronizedGroups = (
				1AA8AA222CC2F170002E9EC4 /* projectcreator */,
			);
			name = projectcreator;
			packageProductDependencies = (
			);
			productName = projectcreator;
			productReference = 1AA8AA202CC2F170002E9EC4 /* projectcreator.app */;
			productType = "com.apple.product-type.application";
		};
		1AA8AA302CC2F171002E9EC4 /* projectcreatorTests */ = {
			isa = PBXNativeTarget;
			buildConfigurationList = 1AA8AA482CC2F171002E9EC4 /* Build configuration list for PBXNativeTarget "projectcreatorTests" */;
			buildPhases = (
				1AA8AA2D2CC2F171002E9EC4 /* Sources */,
				1AA8AA2E2CC2F171002E9EC4 /* Frameworks */,
				1AA8AA2F2CC2F171002E9EC4 /* Resources */,
			);
			buildRules = (
			);
			dependencies = (
				1AA8AA332CC2F171002E9EC4 /* PBXTargetDependency */,
			);
			fileSystemSynchronizedGroups = (
				1AA8AA342CC2F171002E9EC4 /* projectcreatorTests */,
			);
			name = projectcreatorTests;
			packageProductDependencies = (
			);
			productName = projectcreatorTests;
			productReference = 1AA8AA312CC2F171002E9EC4 /* projectcreatorTests.xctest */;
			productType = "com.apple.product-type.bundle.unit-test";
		};
		1AA8AA3A2CC2F171002E9EC4 /* projectcreatorUITests */ = {
			isa = PBXNativeTarget;
			buildConfigurationList = 1AA8AA4B2CC2F171002E9EC4 /* Build configuration list for PBXNativeTarget "projectcreatorUITests" */;
			buildPhases = (
				1AA8AA372CC2F171002E9EC4 /* Sources */,
				1AA8AA382CC2F171002E9EC4 /* Frameworks */,
				1AA8AA392CC2F171002E9EC4 /* Resources */,
			);
			buildRules = (
			);
			dependencies = (
				1AA8AA3D2CC2F171002E9EC4 /* PBXTargetDependency */,
			);
			fileSystemSynchronizedGroups = (
				1AA8AA3E2CC2F171002E9EC4 /* projectcreatorUITests */,
			);
			name = projectcreatorUITests;
			packageProductDependencies = (
			);
			productName = projectcreatorUITests;
			productReference = 1AA8AA3B2CC2F171002E9EC4 /* projectcreatorUITests.xctest */;
			productType = "com.apple.product-type.bundle.ui-testing";
		};
/* End PBXNativeTarget section */

/* Begin PBXProject section */
		1AA8AA182CC2F170002E9EC4 /* Project object */ = {
			isa = PBXProject;
			attributes = {
				BuildIndependentTargetsInParallel = 1;
				LastSwiftUpdateCheck = 1600;
				LastUpgradeCheck = 1600;
				TargetAttributes = {
					1AA8AA1F2CC2F170002E9EC4 = {
						CreatedOnToolsVersion = 16.0;
					};
					1AA8AA302CC2F171002E9EC4 = {
						CreatedOnToolsVersion = 16.0;
						TestTargetID = 1AA8AA1F2CC2F170002E9EC4;
					};
					1AA8AA3A2CC2F171002E9EC4 = {
						CreatedOnToolsVersion = 16.0;
						TestTargetID = 1AA8AA1F2CC2F170002E9EC4;
					};
				};
			};
			buildConfigurationList = 1AA8AA1B2CC2F170002E9EC4 /* Build configuration list for PBXProject "projectcreator" */;
			developmentRegion = en;
			hasScannedForEncodings = 0;
			knownRegions = (
				en,
				Base,
			);
			mainGroup = 1AA8AA172CC2F170002E9EC4;
			minimizedProjectReferenceProxies = 1;
			preferredProjectObjectVersion = 77;
			productRefGroup = 1AA8AA212CC2F170002E9EC4 /* Products */;
			projectDirPath = "";
			projectRoot = "";
			targets = (
				1AA8AA1F2CC2F170002E9EC4 /* projectcreator */,
				1AA8AA302CC2F171002E9EC4 /* projectcreatorTests */,
				1AA8AA3A2CC2F171002E9EC4 /* projectcreatorUITests */,
			);
		};
/* End PBXProject section */

/* Begin PBXResourcesBuildPhase section */
		1AA8AA1E2CC2F170002E9EC4 /* Resources */ = {
			isa = PBXResourcesBuildPhase;
			buildActionMask = 2147483647;
			files = (
			);
			runOnlyForDeploymentPostprocessing = 0;
		};
		1AA8AA2F2CC2F171002E9EC4 /* Resources */ = {
			isa = PBXResourcesBuildPhase;
			buildActionMask = 2147483647;
			files = (
			);
			runOnlyForDeploymentPostprocessing = 0;
		};
		1AA8AA392CC2F171002E9EC4 /* Resources */ = {
			isa = PBXResourcesBuildPhase;
			buildActionMask = 2147483647;
			files = (
			);
			runOnlyForDeploymentPostprocessing = 0;
		};
/* End PBXResourcesBuildPhase section */

/* Begin PBXSourcesBuildPhase section */
		1AA8AA1C2CC2F170002E9EC4 /* Sources */ = {
			isa = PBXSourcesBuildPhase;
			buildActionMask = 2147483647;
			files = (
			);
			runOnlyForDeploymentPostprocessing = 0;
		};
		1AA8AA2D2CC2F171002E9EC4 /* Sources */ = {
			isa = PBXSourcesBuildPhase;
			buildActionMask = 2147483647;
			files = (
			);
			runOnlyForDeploymentPostprocessing = 0;
		};
		1AA8AA372CC2F171002E9EC4 /* Sources */ = {
			isa = PBXSourcesBuildPhase;
			buildActionMask = 2147483647;
			files = (
			);
			runOnlyForDeploymentPostprocessing = 0;
		};
/* End PBXSourcesBuildPhase section */

/* Begin PBXTargetDependency section */
		1AA8AA332CC2F171002E9EC4 /* PBXTargetDependency */ = {
			isa = PBXTargetDependency;
			target = 1AA8AA1F2CC2F170002E9EC4 /* projectcreator */;
			targetProxy = 1AA8AA322CC2F171002E9EC4 /* PBXContainerItemProxy */;
		};
		1AA8AA3D2CC2F171002E9EC4 /* PBXTargetDependency */ = {
			isa = PBXTargetDependency;
			target = 1AA8AA1F2CC2F170002E9EC4 /* projectcreator */;
			targetProxy = 1AA8AA3C2CC2F171002E9EC4 /* PBXContainerItemProxy */;
		};
/* End PBXTargetDependency section */

/* Begin XCBuildConfiguration section */
		1AA8AA432CC2F171002E9EC4 /* Debug */ = {
			isa = XCBuildConfiguration;
			buildSettings = {
				ALWAYS_SEARCH_USER_PATHS = NO;
				ASSETCATALOG_COMPILER_GENERATE_SWIFT_ASSET_SYMBOL_EXTENSIONS = YES;
				CLANG_ANALYZER_NONNULL = YES;
				CLANG_ANALYZER_NUMBER_OBJECT_CONVERSION = YES_AGGRESSIVE;
				CLANG_CXX_LANGUAGE_STANDARD = "gnu++20";
				CLANG_ENABLE_MODULES = YES;
				CLANG_ENABLE_OBJC_ARC = YES;
				CLANG_ENABLE_OBJC_WEAK = YES;
				CLANG_WARN_BLOCK_CAPTURE_AUTORELEASING = YES;
				CLANG_WARN_BOOL_CONVERSION = YES;
				CLANG_WARN_COMMA = YES;
				CLANG_WARN_CONSTANT_CONVERSION = YES;
				CLANG_WARN_DEPRECATED_OBJC_IMPLEMENTATIONS = YES;
				CLANG_WARN_DIRECT_OBJC_ISA_USAGE = YES_ERROR;
				CLANG_WARN_DOCUMENTATION_COMMENTS = YES;
				CLANG_WARN_EMPTY_BODY = YES;
				CLANG_WARN_ENUM_CONVERSION = YES;
				CLANG_WARN_INFINITE_RECURSION = YES;
				CLANG_WARN_INT_CONVERSION = YES;
				CLANG_WARN_NON_LITERAL_NULL_CONVERSION = YES;
				CLANG_WARN_OBJC_IMPLICIT_RETAIN_SELF = YES;
				CLANG_WARN_OBJC_LITERAL_CONVERSION = YES;
				CLANG_WARN_OBJC_ROOT_CLASS = YES_ERROR;
				CLANG_WARN_QUOTED_INCLUDE_IN_FRAMEWORK_HEADER = YES;
				CLANG_WARN_RANGE_LOOP_ANALYSIS = YES;
				CLANG_WARN_STRICT_PROTOTYPES = YES;
				CLANG_WARN_SUSPICIOUS_MOVE = YES;
				CLANG_WARN_UNGUARDED_AVAILABILITY = YES_AGGRESSIVE;
				CLANG_WARN_UNREACHABLE_CODE = YES;
				CLANG_WARN__DUPLICATE_METHOD_MATCH = YES;
				COPY_PHASE_STRIP = NO;
				DEBUG_INFORMATION_FORMAT = dwarf;
				ENABLE_STRICT_OBJC_MSGSEND = YES;
				ENABLE_TESTABILITY = YES;
				ENABLE_USER_SCRIPT_SANDBOXING = YES;
				GCC_C_LANGUAGE_STANDARD = gnu17;
				GCC_DYNAMIC_NO_PIC = NO;
				GCC_NO_COMMON_BLOCKS = YES;
				GCC_OPTIMIZATION_LEVEL = 0;
				GCC_PREPROCESSOR_DEFINITIONS = (
					"DEBUG=1",
					"$(inherited)",
				);
				GCC_WARN_64_TO_32_BIT_CONVERSION = YES;
				GCC_WARN_ABOUT_RETURN_TYPE = YES_ERROR;
				GCC_WARN_UNDECLARED_SELECTOR = YES;
				GCC_WARN_UNINITIALIZED_AUTOS = YES_AGGRESSIVE;
				GCC_WARN_UNUSED_FUNCTION = YES;
				GCC_WARN_UNUSED_VARIABLE = YES;
				LOCALIZATION_PREFERS_STRING_CATALOGS = YES;
				MACOSX_DEPLOYMENT_TARGET = 15.0;
				MTL_ENABLE_DEBUG_INFO = INCLUDE_SOURCE;
				MTL_FAST_MATH = YES;
				ONLY_ACTIVE_ARCH = YES;
				SDKROOT = macosx;
				SWIFT_ACTIVE_COMPILATION_CONDITIONS = "DEBUG $(inherited)";
				SWIFT_OPTIMIZATION_LEVEL = "-Onone";
			};
			name = Debug;
		};
		1AA8AA442CC2F171002E9EC4 /* Release */ = {
			isa = XCBuildConfiguration;
			buildSettings = {
				ALWAYS_SEARCH_USER_PATHS = NO;
				ASSETCATALOG_COMPILER_GENERATE_SWIFT_ASSET_SYMBOL_EXTENSIONS = YES;
				CLANG_ANALYZER_NONNULL = YES;
				CLANG_ANALYZER_NUMBER_OBJECT_CONVERSION = YES_AGGRESSIVE;
				CLANG_CXX_LANGUAGE_STANDARD = "gnu++20";
				CLANG_ENABLE_MODULES = YES;
				CLANG_ENABLE_OBJC_ARC = YES;
				CLANG_ENABLE_OBJC_WEAK = YES;
				CLANG_WARN_BLOCK_CAPTURE_AUTORELEASING = YES;
				CLANG_WARN_BOOL_CONVERSION = YES;
				CLANG_WARN_COMMA = YES;
				CLANG_WARN_CONSTANT_CONVERSION = YES;
				CLANG_WARN_DEPRECATED_OBJC_IMPLEMENTATIONS = YES;
				CLANG_WARN_DIRECT_OBJC_ISA_USAGE = YES_ERROR;
				CLANG_WARN_DOCUMENTATION_COMMENTS = YES;
				CLANG_WARN_EMPTY_BODY = YES;
				CLANG_WARN_ENUM_CONVERSION = YES;
				CLANG_WARN_INFINITE_RECURSION = YES;
				CLANG_WARN_INT_CONVERSION = YES;
				CLANG_WARN_NON_LITERAL_NULL_CONVERSION = YES;
				CLANG_WARN_OBJC_IMPLICIT_RETAIN_SELF = YES;
				CLANG_WARN_OBJC_LITERAL_CONVERSION = YES;
				CLANG_WARN_OBJC_ROOT_CLASS = YES_ERROR;
				CLANG_WARN_QUOTED_INCLUDE_IN_FRAMEWORK_HEADER = YES;
				CLANG_WARN_RANGE_LOOP_ANALYSIS = YES;
				CLANG_WARN_STRICT_PROTOTYPES = YES;
				CLANG_WARN_SUSPICIOUS_MOVE = YES;
				CLANG_WARN_UNGUARDED_AVAILABILITY = YES_AGGRESSIVE;
				CLANG_WARN_UNREACHABLE_CODE = YES;
				CLANG_WARN__DUPLICATE_METHOD_MATCH = YES;
				COPY_PHASE_STRIP = NO;
				DEBUG_INFORMATION_FORMAT = "dwarf-with-dsym";
				ENABLE_NS_ASSERTIONS = NO;
				ENABLE_STRICT_OBJC_MSGSEND = YES;
				ENABLE_USER_SCRIPT_SANDBOXING = YES;
				GCC_C_LANGUAGE_STANDARD = gnu17;
				GCC_NO_COMMON_BLOCKS = YES;
				GCC_WARN_64_TO_32_BIT_CONVERSION = YES;
				GCC_WARN_ABOUT_RETURN_TYPE = YES_ERROR;
				GCC_WARN_UNDECLARED_SELECTOR = YES;
				GCC_WARN_UNINITIALIZED_AUTOS = YES_AGGRESSIVE;
				GCC_WARN_UNUSED_FUNCTION = YES;
				GCC_WARN_UNUSED_VARIABLE = YES;
				LOCALIZATION_PREFERS_STRING_CATALOGS = YES;
				MACOSX_DEPLOYMENT_TARGET = 15.0;
				MTL_ENABLE_DEBUG_INFO = NO;
				MTL_FAST_MATH = YES;
				SDKROOT = macosx;
				SWIFT_COMPILATION_MODE = wholemodule;
			};
			name = Release;
		};
		1AA8AA462CC2F171002E9EC4 /* Debug */ = {
			isa = XCBuildConfiguration;
			buildSettings = {
				ASSETCATALOG_COMPILER_APPICON_NAME = AppIcon;
				ASSETCATALOG_COMPILER_GLOBAL_ACCENT_COLOR_NAME = AccentColor;
				CODE_SIGN_ENTITLEMENTS = projectcreator/projectcreator.entitlements;
				CODE_SIGN_STYLE = Automatic;
				COMBINE_HIDPI_IMAGES = YES;
				CURRENT_PROJECT_VERSION = 1;
				DEVELOPMENT_ASSET_PATHS = "\"projectcreator/Preview Content\"";
				ENABLE_PREVIEWS = YES;
				GENERATE_INFOPLIST_FILE = YES;
				INFOPLIST_KEY_NSHumanReadableCopyright = "";
				LD_RUNPATH_SEARCH_PATHS = (
					"$(inherited)",
					"@executable_path/../Frameworks",
				);
				MARKETING_VERSION = 1.0;
				PRODUCT_BUNDLE_IDENTIFIER = codemelon.xyz.projectcreator;
				PRODUCT_NAME = "$(TARGET_NAME)";
				SWIFT_EMIT_LOC_STRINGS = YES;
				SWIFT_VERSION = 5.0;
			};
			name = Debug;
		};
		1AA8AA472CC2F171002E9EC4 /* Release */ = {
			isa = XCBuildConfiguration;
			buildSettings = {
				ASSETCATALOG_COMPILER_APPICON_NAME = AppIcon;
				ASSETCATALOG_COMPILER_GLOBAL_ACCENT_COLOR_NAME = AccentColor;
				CODE_SIGN_ENTITLEMENTS = projectcreator/projectcreator.entitlements;
				CODE_SIGN_STYLE = Automatic;
				COMBINE_HIDPI_IMAGES = YES;
				CURRENT_PROJECT_VERSION = 1;
				DEVELOPMENT_ASSET_PATHS = "\"projectcreator/Preview Content\"";
				ENABLE_PREVIEWS = YES;
				GENERATE_INFOPLIST_FILE = YES;
				INFOPLIST_KEY_NSHumanReadableCopyright = "";
				LD_RUNPATH_SEARCH_PATHS = (
					"$(inherited)",
					"@executable_path/../Frameworks",
				);
				MARKETING_VERSION = 1.0;
				PRODUCT_BUNDLE_IDENTIFIER = codemelon.xyz.projectcreator;
				PRODUCT_NAME = "$(TARGET_NAME)";
				SWIFT_EMIT_LOC_STRINGS = YES;
				SWIFT_VERSION = 5.0;
			};
			name = Release;
		};
		1AA8AA492CC2F171002E9EC4 /* Debug */ = {
			isa = XCBuildConfiguration;
			buildSettings = {
				BUNDLE_LOADER = "$(TEST_HOST)";
				CODE_SIGN_STYLE = Automatic;
				CURRENT_PROJECT_VERSION = 1;
				GENERATE_INFOPLIST_FILE = YES;
				MACOSX_DEPLOYMENT_TARGET = 15.0;
				MARKETING_VERSION = 1.0;
				PRODUCT_BUNDLE_IDENTIFIER = codemelon.xyz.projectcreatorTests;
				PRODUCT_NAME = "$(TARGET_NAME)";
				SWIFT_EMIT_LOC_STRINGS = NO;
				SWIFT_VERSION = 5.0;
				TEST_HOST = "$(BUILT_PRODUCTS_DIR)/projectcreator.app/$(BUNDLE_EXECUTABLE_FOLDER_PATH)/projectcreator";
			};
			name = Debug;
		};
		1AA8AA4A2CC2F171002E9EC4 /* Release */ = {
			isa = XCBuildConfiguration;
			buildSettings = {
				BUNDLE_LOADER = "$(TEST_HOST)";
				CODE_SIGN_STYLE = Automatic;
				CURRENT_PROJECT_VERSION = 1;
				GENERATE_INFOPLIST_FILE = YES;
				MACOSX_DEPLOYMENT_TARGET = 15.0;
				MARKETING_VERSION = 1.0;
				PRODUCT_BUNDLE_IDENTIFIER = codemelon.xyz.projectcreatorTests;
				PRODUCT_NAME = "$(TARGET_NAME)";
				SWIFT_EMIT_LOC_STRINGS = NO;
				SWIFT_VERSION = 5.0;
				TEST_HOST = "$(BUILT_PRODUCTS_DIR)/projectcreator.app/$(BUNDLE_EXECUTABLE_FOLDER_PATH)/projectcreator";
			};
			name = Release;
		};
		1AA8AA4C2CC2F171002E9EC4 /* Debug */ = {
			isa = XCBuildConfiguration;
			buildSettings = {
				CODE_SIGN_STYLE = Automatic;
				CURRENT_PROJECT_VERSION = 1;
				GENERATE_INFOPLIST_FILE = YES;
				MARKETING_VERSION = 1.0;
				PRODUCT_BUNDLE_IDENTIFIER = codemelon.xyz.projectcreatorUITests;
				PRODUCT_NAME = "$(TARGET_NAME)";
				SWIFT_EMIT_LOC_STRINGS = NO;
				SWIFT_VERSION = 5.0;
				TEST_TARGET_NAME = projectcreator;
			};
			name = Debug;
		};
		1AA8AA4D2CC2F171002E9EC4 /* Release */ = {
			isa = XCBuildConfiguration;
			buildSettings = {
				CODE_SIGN_STYLE = Automatic;
				CURRENT_PROJECT_VERSION = 1;
				GENERATE_INFOPLIST_FILE = YES;
				MARKETING_VERSION = 1.0;
				PRODUCT_BUNDLE_IDENTIFIER = codemelon.xyz.projectcreatorUITests;
				PRODUCT_NAME = "$(TARGET_NAME)";
				SWIFT_EMIT_LOC_STRINGS = NO;
				SWIFT_VERSION = 5.0;
				TEST_TARGET_NAME = projectcreator;
			};
			name = Release;
		};
/* End XCBuildConfiguration section */

/* Begin XCConfigurationList section */
		1AA8AA1B2CC2F170002E9EC4 /* Build configuration list for PBXProject "projectcreator" */ = {
			isa = XCConfigurationList;
			buildConfigurations = (
				1AA8AA432CC2F171002E9EC4 /* Debug */,
				1AA8AA442CC2F171002E9EC4 /* Release */,
			);
			defaultConfigurationIsVisible = 0;
			defaultConfigurationName = Release;
		};
		1AA8AA452CC2F171002E9EC4 /* Build configuration list for PBXNativeTarget "projectcreator" */ = {
			isa = XCConfigurationList;
			buildConfigurations = (
				1AA8AA462CC2F171002E9EC4 /* Debug */,
				1AA8AA472CC2F171002E9EC4 /* Release */,
			);
			defaultConfigurationIsVisible = 0;
			defaultConfigurationName = Release;
		};
		1AA8AA482CC2F171002E9EC4 /* Build configuration list for PBXNativeTarget "projectcreatorTests" */ = {
			isa = XCConfigurationList;
			buildConfigurations = (
				1AA8AA492CC2F171002E9EC4 /* Debug */,
				1AA8AA4A2CC2F171002E9EC4 /* Release */,
			);
			defaultConfigurationIsVisible = 0;
			defaultConfigurationName = Release;
		};
		1AA8AA4B2CC2F171002E9EC4 /* Build configuration list for PBXNativeTarget "projectcreatorUITests" */ = {
			isa = XCConfigurationList;
			buildConfigurations = (
				1AA8AA4C2CC2F171002E9EC4 /* Debug */,
				1AA8AA4D2CC2F171002E9EC4 /* Release */,
			);
			defaultConfigurationIsVisible = 0;
			defaultConfigurationName = Release;
		};
/* End XCConfigurationList section */
	};
	rootObject = 1AA8AA182CC2F170002E9EC4 /* Project object */;
}
